
Microsoft Visual Studio Solution File, Format Version 12.00
# Visual Studio 15
VisualStudioVersion = 15.0.28307.168
MinimumVisualStudioVersion = 10.0.40219.1
Project("{FAE04EC0-301F-11D3-BF4B-00C04F79EFBC}") = "JobHunter.Data", "JobHunter.Data\JobHunter.Data.csproj", "{48EF0BC5-5700-4CB5-A6D7-A2768444FED9}"
EndProject
Project("{FAE04EC0-301F-11D3-BF4B-00C04F79EFBC}") = "JobHunter.Domain", "JobHunter.Domain\JobHunter.Domain.csproj", "{C17AE4DF-15E8-42BA-9366-60B72C79DB75}"
EndProject
Project("{FAE04EC0-301F-11D3-BF4B-00C04F79EFBC}") = "JobHunter.Presentation", "JobHunter.Presentation\JobHunter.Presentation.csproj", "{101DAC33-0719-444D-8526-5162E23CBF8B}"
EndProject
Global
	GlobalSection(SolutionConfigurationPlatforms) = preSolution
		Debug|Any CPU = Debug|Any CPU
		Release|Any CPU = Release|Any CPU
	EndGlobalSection
	GlobalSection(ProjectConfigurationPlatforms) = postSolution
		{48EF0BC5-5700-4CB5-A6D7-A2768444FED9}.Debug|Any CPU.ActiveCfg = Debug|Any CPU
		{48EF0BC5-5700-4CB5-A6D7-A2768444FED9}.Debug|Any CPU.Build.0 = Debug|Any CPU
		{48EF0BC5-5700-4CB5-A6D7-A2768444FED9}.Release|Any CPU.ActiveCfg = Release|Any CPU
		{48EF0BC5-5700-4CB5-A6D7-A2768444FED9}.Release|Any CPU.Build.0 = Release|Any CPU
		{C17AE4DF-15E8-42BA-9366-60B72C79DB75}.Debug|Any CPU.ActiveCfg = Debug|Any CPU
		{C17AE4DF-15E8-42BA-9366-60B72C79DB75}.Debug|Any CPU.Build.0 = Debug|Any CPU
		{C17AE4DF-15E8-42BA-9366-60B72C79DB75}.Release|Any CPU.ActiveCfg = Release|Any CPU
		{C17AE4DF-15E8-42BA-9366-60B72C79DB75}.Release|Any CPU.Build.0 = Release|Any CPU
		{101DAC33-0719-444D-8526-5162E23CBF8B}.Debug|Any CPU.ActiveCfg = Debug|Any CPU
		{101DAC33-0719-444D-8526-5162E23CBF8B}.Debug|Any CPU.Build.0 = Debug|Any CPU
		{101DAC33-0719-444D-8526-5162E23CBF8B}.Release|Any CPU.ActiveCfg = Release|Any CPU
		{101DAC33-0719-444D-8526-5162E23CBF8B}.Release|Any CPU.Build.0 = Release|Any CPU
	EndGlobalSection
	GlobalSection(SolutionProperties) = preSolution
		HideSolutionNode = FALSE
	EndGlobalSection
	GlobalSection(ExtensibilityGlobals) = postSolution
		SolutionGuid = {F9ECF2FD-DB33-4C0F-8821-E09EB1E59CD2}
	EndGlobalSection
EndGlobal
